// !$*UTF8*$!
{
	archiveVersion = 1;
	classes = {
	};
	objectVersion = 55;
	objects = {

/* Begin PBXBuildFile section */
		9D31939E27C85F7800CB8B50 /* FirebaseRealtimeDBSampleApp.swift in Sources */ = {isa = PBXBuildFile; fileRef = 9D31939D27C85F7800CB8B50 /* FirebaseRealtimeDBSampleApp.swift */; };
		9D3193A027C85F7800CB8B50 /* FirebaseRealTimeDBView.swift in Sources */ = {isa = PBXBuildFile; fileRef = 9D31939F27C85F7800CB8B50 /* FirebaseRealTimeDBView.swift */; };
		9D3193A227C85F7900CB8B50 /* Assets.xcassets in Resources */ = {isa = PBXBuildFile; fileRef = 9D3193A127C85F7900CB8B50 /* Assets.xcassets */; };
		9D3193A527C85F7900CB8B50 /* Preview Assets.xcassets in Resources */ = {isa = PBXBuildFile; fileRef = 9D3193A427C85F7900CB8B50 /* Preview Assets.xcassets */; };
		9D3193AD27C85FFE00CB8B50 /* FirebaseAuth in Frameworks */ = {isa = PBXBuildFile; productRef = 9D3193AC27C85FFE00CB8B50 /* FirebaseAuth */; };
		9D3193AF27C85FFE00CB8B50 /* FirebaseAuthCombine-Community in Frameworks */ = {isa = PBXBuildFile; productRef = 9D3193AE27C85FFE00CB8B50 /* FirebaseAuthCombine-Community */; };
		9D3193B127C85FFE00CB8B50 /* FirebaseDatabase in Frameworks */ = {isa = PBXBuildFile; productRef = 9D3193B027C85FFE00CB8B50 /* FirebaseDatabase */; };
		9D3193B327C85FFE00CB8B50 /* FirebaseDatabaseSwift-Beta in Frameworks */ = {isa = PBXBuildFile; productRef = 9D3193B227C85FFE00CB8B50 /* FirebaseDatabaseSwift-Beta */; };
		9D3193B527C8607B00CB8B50 /* GoogleService-Info.plist in Resources */ = {isa = PBXBuildFile; fileRef = 9D3193B427C8607B00CB8B50 /* GoogleService-Info.plist */; };
		9D3193BA27C8614800CB8B50 /* FirebaseRealTimeDBViewModel.swift in Sources */ = {isa = PBXBuildFile; fileRef = 9D3193B927C8614800CB8B50 /* FirebaseRealTimeDBViewModel.swift */; };
		9D3193BC27C8928C00CB8B50 /* debug.swift in Sources */ = {isa = PBXBuildFile; fileRef = 9D3193BB27C8928C00CB8B50 /* debug.swift */; };
/* End PBXBuildFile section */

/* Begin PBXFileReference section */
		9D31939A27C85F7800CB8B50 /* FirebaseRealtimeDBSample.app */ = {isa = PBXFileReference; explicitFileType = wrapper.application; includeInIndex = 0; path = FirebaseRealtimeDBSample.app; sourceTree = BUILT_PRODUCTS_DIR; };
		9D31939D27C85F7800CB8B50 /* FirebaseRealtimeDBSampleApp.swift */ = {isa = PBXFileReference; lastKnownFileType = sourcecode.swift; path = FirebaseRealtimeDBSampleApp.swift; sourceTree = "<group>"; };
		9D31939F27C85F7800CB8B50 /* FirebaseRealTimeDBView.swift */ = {isa = PBXFileReference; lastKnownFileType = sourcecode.swift; path = FirebaseRealTimeDBView.swift; sourceTree = "<group>"; };
		9D3193A127C85F7900CB8B50 /* Assets.xcassets */ = {isa = PBXFileReference; lastKnownFileType = folder.assetcatalog; path = Assets.xcassets; sourceTree = "<group>"; };
		9D3193A427C85F7900CB8B50 /* Preview Assets.xcassets */ = {isa = PBXFileReference; lastKnownFileType = folder.assetcatalog; path = "Preview Assets.xcassets"; sourceTree = "<group>"; };
		9D3193B427C8607B00CB8B50 /* GoogleService-Info.plist */ = {isa = PBXFileReference; fileEncoding = 4; lastKnownFileType = text.plist.xml; path = "GoogleService-Info.plist"; sourceTree = "<group>"; };
		9D3193B927C8614800CB8B50 /* FirebaseRealTimeDBViewModel.swift */ = {isa = PBXFileReference; lastKnownFileType = sourcecode.swift; path = FirebaseRealTimeDBViewModel.swift; sourceTree = "<group>"; };
		9D3193BB27C8928C00CB8B50 /* debug.swift */ = {isa = PBXFileReference; lastKnownFileType = sourcecode.swift; path = debug.swift; sourceTree = "<group>"; };
/* End PBXFileReference section */

/* Begin PBXFrameworksBuildPhase section */
		9D31939727C85F7800CB8B50 /* Frameworks */ = {
			isa = PBXFrameworksBuildPhase;
			buildActionMask = 2147483647;
			files = (
				9D3193B127C85FFE00CB8B50 /* FirebaseDatabase in Frameworks */,
				9D3193AD27C85FFE00CB8B50 /* FirebaseAuth in Frameworks */,
				9D3193B327C85FFE00CB8B50 /* FirebaseDatabaseSwift-Beta in Frameworks */,
				9D3193AF27C85FFE00CB8B50 /* FirebaseAuthCombine-Community in Frameworks */,
			);
			runOnlyForDeploymentPostprocessing = 0;
		};
/* End PBXFrameworksBuildPhase section */

/* Begin PBXGroup section */
		9D31939127C85F7800CB8B50 = {
			isa = PBXGroup;
			children = (
				9D31939C27C85F7800CB8B50 /* FirebaseRealtimeDBSample */,
				9D31939B27C85F7800CB8B50 /* Products */,
			);
			sourceTree = "<group>";
		};
		9D31939B27C85F7800CB8B50 /* Products */ = {
			isa = PBXGroup;
			children = (
				9D31939A27C85F7800CB8B50 /* FirebaseRealtimeDBSample.app */,
			);
			name = Products;
			sourceTree = "<group>";
		};
		9D31939C27C85F7800CB8B50 /* FirebaseRealtimeDBSample */ = {
			isa = PBXGroup;
			children = (
				9D3193B427C8607B00CB8B50 /* GoogleService-Info.plist */,
				9D3193BB27C8928C00CB8B50 /* debug.swift */,
				9D31939D27C85F7800CB8B50 /* FirebaseRealtimeDBSampleApp.swift */,
				9D3193B827C860FB00CB8B50 /* Model */,
				9D3193B727C860F600CB8B50 /* ViewModel */,
				9D3193B627C860F100CB8B50 /* View */,
				9D3193A127C85F7900CB8B50 /* Assets.xcassets */,
				9D3193A327C85F7900CB8B50 /* Preview Content */,
			);
			path = FirebaseRealtimeDBSample;
			sourceTree = "<group>";
		};
		9D3193A327C85F7900CB8B50 /* Preview Content */ = {
			isa = PBXGroup;
			children = (
				9D3193A427C85F7900CB8B50 /* Preview Assets.xcassets */,
			);
			path = "Preview Content";
			sourceTree = "<group>";
		};
		9D3193B627C860F100CB8B50 /* View */ = {
			isa = PBXGroup;
			children = (
				9D31939F27C85F7800CB8B50 /* FirebaseRealTimeDBView.swift */,
			);
			path = View;
			sourceTree = "<group>";
		};
		9D3193B727C860F600CB8B50 /* ViewModel */ = {
			isa = PBXGroup;
			children = (
				9D3193B927C8614800CB8B50 /* FirebaseRealTimeDBViewModel.swift */,
			);
			path = ViewModel;
			sourceTree = "<group>";
		};
		9D3193B827C860FB00CB8B50 /* Model */ = {
			isa = PBXGroup;
			children = (
			);
			path = Model;
			sourceTree = "<group>";
		};
/* End PBXGroup section */

/* Begin PBXNativeTarget section */
		9D31939927C85F7800CB8B50 /* FirebaseRealtimeDBSample */ = {
			isa = PBXNativeTarget;
			buildConfigurationList = 9D3193A827C85F7900CB8B50 /* Build configuration list for PBXNativeTarget "FirebaseRealtimeDBSample" */;
			buildPhases = (
				9D31939627C85F7800CB8B50 /* Sources */,
				9D31939727C85F7800CB8B50 /* Frameworks */,
				9D31939827C85F7800CB8B50 /* Resources */,
			);
			buildRules = (
			);
			dependencies = (
			);
			name = FirebaseRealtimeDBSample;
			packageProductDependencies = (
				9D3193AC27C85FFE00CB8B50 /* FirebaseAuth */,
				9D3193AE27C85FFE00CB8B50 /* FirebaseAuthCombine-Community */,
				9D3193B027C85FFE00CB8B50 /* FirebaseDatabase */,
				9D3193B227C85FFE00CB8B50 /* FirebaseDatabaseSwift-Beta */,
			);
			productName = FirebaseRealtimeDBSample;
			productReference = 9D31939A27C85F7800CB8B50 /* FirebaseRealtimeDBSample.app */;
			productType = "com.apple.product-type.application";
		};
/* End PBXNativeTarget section */

/* Begin PBXProject section */
		9D31939227C85F7800CB8B50 /* Project object */ = {
			isa = PBXProject;
			attributes = {
				BuildIndependentTargetsInParallel = 1;
				LastSwiftUpdateCheck = 1320;
				LastUpgradeCheck = 1320;
				TargetAttributes = {
					9D31939927C85F7800CB8B50 = {
						CreatedOnToolsVersion = 13.2.1;
					};
				};
			};
			buildConfigurationList = 9D31939527C85F7800CB8B50 /* Build configuration list for PBXProject "FirebaseRealtimeDBSample" */;
			compatibilityVersion = "Xcode 13.0";
			developmentRegion = en;
			hasScannedForEncodings = 0;
			knownRegions = (
				en,
				Base,
			);
			mainGroup = 9D31939127C85F7800CB8B50;
			packageReferences = (
				9D3193AB27C85FFE00CB8B50 /* XCRemoteSwiftPackageReference "firebase-ios-sdk" */,
			);
			productRefGroup = 9D31939B27C85F7800CB8B50 /* Products */;
			projectDirPath = "";
			projectRoot = "";
			targets = (
				9D31939927C85F7800CB8B50 /* FirebaseRealtimeDBSample */,
			);
		};
/* End PBXProject section */

/* Begin PBXResourcesBuildPhase section */
		9D31939827C85F7800CB8B50 /* Resources */ = {
			isa = PBXResourcesBuildPhase;
			buildActionMask = 2147483647;
			files = (
				9D3193A527C85F7900CB8B50 /* Preview Assets.xcassets in Resources */,
				9D3193A227C85F7900CB8B50 /* Assets.xcassets in Resources */,
				9D3193B527C8607B00CB8B50 /* GoogleService-Info.plist in Resources */,
			);
			runOnlyForDeploymentPostprocessing = 0;
		};
/* End PBXResourcesBuildPhase section */

/* Begin PBXSourcesBuildPhase section */
		9D31939627C85F7800CB8B50 /* Sources */ = {
			isa = PBXSourcesBuildPhase;
			buildActionMask = 2147483647;
			files = (
				9D3193A027C85F7800CB8B50 /* FirebaseRealTimeDBView.swift in Sources */,
				9D3193BC27C8928C00CB8B50 /* debug.swift in Sources */,
				9D3193BA27C8614800CB8B50 /* FirebaseRealTimeDBViewModel.swift in Sources */,
				9D31939E27C85F7800CB8B50 /* FirebaseRealtimeDBSampleApp.swift in Sources */,
			);
			runOnlyForDeploymentPostprocessing = 0;
		};
/* End PBXSourcesBuildPhase section */

/* Begin XCBuildConfiguration section */
		9D3193A627C85F7900CB8B50 /* Debug */ = {
			isa = XCBuildConfiguration;
			buildSettings = {
				ALWAYS_SEARCH_USER_PATHS = NO;
				CLANG_ANALYZER_NONNULL = YES;
				CLANG_ANALYZER_NUMBER_OBJECT_CONVERSION = YES_AGGRESSIVE;
				CLANG_CXX_LANGUAGE_STANDARD = "gnu++17";
				CLANG_CXX_LIBRARY = "libc++";
				CLANG_ENABLE_MODULES = YES;
				CLANG_ENABLE_OBJC_ARC = YES;
				CLANG_ENABLE_OBJC_WEAK = YES;
				CLANG_WARN_BLOCK_CAPTURE_AUTORELEASING = YES;
				CLANG_WARN_BOOL_CONVERSION = YES;
				CLANG_WARN_COMMA = YES;
				CLANG_WARN_CONSTANT_CONVERSION = YES;
				CLANG_WARN_DEPRECATED_OBJC_IMPLEMENTATIONS = YES;
				CLANG_WARN_DIRECT_OBJC_ISA_USAGE = YES_ERROR;
				CLANG_WARN_DOCUMENTATION_COMMENTS = YES;
				CLANG_WARN_EMPTY_BODY = YES;
				CLANG_WARN_ENUM_CONVERSION = YES;
				CLANG_WARN_INFINITE_RECURSION = YES;
				CLANG_WARN_INT_CONVERSION = YES;
				CLANG_WARN_NON_LITERAL_NULL_CONVERSION = YES;
				CLANG_WARN_OBJC_IMPLICIT_RETAIN_SELF = YES;
				CLANG_WARN_OBJC_LITERAL_CONVERSION = YES;
				CLANG_WARN_OBJC_ROOT_CLASS = YES_ERROR;
				CLANG_WARN_QUOTED_INCLUDE_IN_FRAMEWORK_HEADER = YES;
				CLANG_WARN_RANGE_LOOP_ANALYSIS = YES;
				CLANG_WARN_STRICT_PROTOTYPES = YES;
				CLANG_WARN_SUSPICIOUS_MOVE = YES;
				CLANG_WARN_UNGUARDED_AVAILABILITY = YES_AGGRESSIVE;
				CLANG_WARN_UNREACHABLE_CODE = YES;
				CLANG_WARN__DUPLICATE_METHOD_MATCH = YES;
				COPY_PHASE_STRIP = NO;
				DEBUG_INFORMATION_FORMAT = dwarf;
				ENABLE_STRICT_OBJC_MSGSEND = YES;
				ENABLE_TESTABILITY = YES;
				GCC_C_LANGUAGE_STANDARD = gnu11;
				GCC_DYNAMIC_NO_PIC = NO;
				GCC_NO_COMMON_BLOCKS = YES;
				GCC_OPTIMIZATION_LEVEL = 0;
				GCC_PREPROCESSOR_DEFINITIONS = (
					"DEBUG=1",
					"$(inherited)",
				);
				GCC_WARN_64_TO_32_BIT_CONVERSION = YES;
				GCC_WARN_ABOUT_RETURN_TYPE = YES_ERROR;
				GCC_WARN_UNDECLARED_SELECTOR = YES;
				GCC_WARN_UNINITIALIZED_AUTOS = YES_AGGRESSIVE;
				GCC_WARN_UNUSED_FUNCTION = YES;
				GCC_WARN_UNUSED_VARIABLE = YES;
				IPHONEOS_DEPLOYMENT_TARGET = 15.2;
				MTL_ENABLE_DEBUG_INFO = INCLUDE_SOURCE;
				MTL_FAST_MATH = YES;
				ONLY_ACTIVE_ARCH = YES;
				SDKROOT = iphoneos;
				SWIFT_ACTIVE_COMPILATION_CONDITIONS = DEBUG;
				SWIFT_OPTIMIZATION_LEVEL = "-Onone";
			};
			name = Debug;
		};
		9D3193A727C85F7900CB8B50 /* Release */ = {
			isa = XCBuildConfiguration;
			buildSettings = {
				ALWAYS_SEARCH_USER_PATHS = NO;
				CLANG_ANALYZER_NONNULL = YES;
				CLANG_ANALYZER_NUMBER_OBJECT_CONVERSION = YES_AGGRESSIVE;
				CLANG_CXX_LANGUAGE_STANDARD = "gnu++17";
				CLANG_CXX_LIBRARY = "libc++";
				CLANG_ENABLE_MODULES = YES;
				CLANG_ENABLE_OBJC_ARC = YES;
				CLANG_ENABLE_OBJC_WEAK = YES;
				CLANG_WARN_BLOCK_CAPTURE_AUTORELEASING = YES;
				CLANG_WARN_BOOL_CONVERSION = YES;
				CLANG_WARN_COMMA = YES;
				CLANG_WARN_CONSTANT_CONVERSION = YES;
				CLANG_WARN_DEPRECATED_OBJC_IMPLEMENTATIONS = YES;
				CLANG_WARN_DIRECT_OBJC_ISA_USAGE = YES_ERROR;
				CLANG_WARN_DOCUMENTATION_COMMENTS = YES;
				CLANG_WARN_EMPTY_BODY = YES;
				CLANG_WARN_ENUM_CONVERSION = YES;
				CLANG_WARN_INFINITE_RECURSION = YES;
				CLANG_WARN_INT_CONVERSION = YES;
				CLANG_WARN_NON_LITERAL_NULL_CONVERSION = YES;
				CLANG_WARN_OBJC_IMPLICIT_RETAIN_SELF = YES;
				CLANG_WARN_OBJC_LITERAL_CONVERSION = YES;
				CLANG_WARN_OBJC_ROOT_CLASS = YES_ERROR;
				CLANG_WARN_QUOTED_INCLUDE_IN_FRAMEWORK_HEADER = YES;
				CLANG_WARN_RANGE_LOOP_ANALYSIS = YES;
				CLANG_WARN_STRICT_PROTOTYPES = YES;
				CLANG_WARN_SUSPICIOUS_MOVE = YES;
				CLANG_WARN_UNGUARDED_AVAILABILITY = YES_AGGRESSIVE;
				CLANG_WARN_UNREACHABLE_CODE = YES;
				CLANG_WARN__DUPLICATE_METHOD_MATCH = YES;
				COPY_PHASE_STRIP = NO;
				DEBUG_INFORMATION_FORMAT = "dwarf-with-dsym";
				ENABLE_NS_ASSERTIONS = NO;
				ENABLE_STRICT_OBJC_MSGSEND = YES;
				GCC_C_LANGUAGE_STANDARD = gnu11;
				GCC_NO_COMMON_BLOCKS = YES;
				GCC_WARN_64_TO_32_BIT_CONVERSION = YES;
				GCC_WARN_ABOUT_RETURN_TYPE = YES_ERROR;
				GCC_WARN_UNDECLARED_SELECTOR = YES;
				GCC_WARN_UNINITIALIZED_AUTOS = YES_AGGRESSIVE;
				GCC_WARN_UNUSED_FUNCTION = YES;
				GCC_WARN_UNUSED_VARIABLE = YES;
				IPHONEOS_DEPLOYMENT_TARGET = 15.2;
				MTL_ENABLE_DEBUG_INFO = NO;
				MTL_FAST_MATH = YES;
				SDKROOT = iphoneos;
				SWIFT_COMPILATION_MODE = wholemodule;
				SWIFT_OPTIMIZATION_LEVEL = "-O";
				VALIDATE_PRODUCT = YES;
			};
			name = Release;
		};
		9D3193A927C85F7900CB8B50 /* Debug */ = {
			isa = XCBuildConfiguration;
			buildSettings = {
				ASSETCATALOG_COMPILER_APPICON_NAME = AppIcon;
				ASSETCATALOG_COMPILER_GLOBAL_ACCENT_COLOR_NAME = AccentColor;
				CODE_SIGN_STYLE = Automatic;
				CURRENT_PROJECT_VERSION = 1;
				DEVELOPMENT_ASSET_PATHS = "\"FirebaseRealtimeDBSample/Preview Content\"";
				DEVELOPMENT_TEAM = 5BJR2WYNRK;
				ENABLE_PREVIEWS = YES;
				GENERATE_INFOPLIST_FILE = YES;
				INFOPLIST_KEY_UIApplicationSceneManifest_Generation = YES;
				INFOPLIST_KEY_UIApplicationSupportsIndirectInputEvents = YES;
				INFOPLIST_KEY_UILaunchScreen_Generation = YES;
				INFOPLIST_KEY_UISupportedInterfaceOrientations_iPad = "UIInterfaceOrientationPortrait UIInterfaceOrientationPortraitUpsideDown UIInterfaceOrientationLandscapeLeft UIInterfaceOrientationLandscapeRight";
				INFOPLIST_KEY_UISupportedInterfaceOrientations_iPhone = "UIInterfaceOrientationPortrait UIInterfaceOrientationLandscapeLeft UIInterfaceOrientationLandscapeRight";
				LD_RUNPATH_SEARCH_PATHS = (
					"$(inherited)",
					"@executable_path/Frameworks",
				);
				MARKETING_VERSION = 1.0;
				PRODUCT_BUNDLE_IDENTIFIER = FromF.com.github.FirebaseRealtimeDBSample;
				PRODUCT_NAME = "$(TARGET_NAME)";
				SWIFT_EMIT_LOC_STRINGS = YES;
				SWIFT_VERSION = 5.0;
				TARGETED_DEVICE_FAMILY = "1,2";
			};
			name = Debug;
		};
		9D3193AA27C85F7900CB8B50 /* Release */ = {
			isa = XCBuildConfiguration;
			buildSettings = {
				ASSETCATALOG_COMPILER_APPICON_NAME = AppIcon;
				ASSETCATALOG_COMPILER_GLOBAL_ACCENT_COLOR_NAME = AccentColor;
				CODE_SIGN_STYLE = Automatic;
				CURRENT_PROJECT_VERSION = 1;
				DEVELOPMENT_ASSET_PATHS = "\"FirebaseRealtimeDBSample/Preview Content\"";
				DEVELOPMENT_TEAM = 5BJR2WYNRK;
				ENABLE_PREVIEWS = YES;
				GENERATE_INFOPLIST_FILE = YES;
				INFOPLIST_KEY_UIApplicationSceneManifest_Generation = YES;
				INFOPLIST_KEY_UIApplicationSupportsIndirectInputEvents = YES;
				INFOPLIST_KEY_UILaunchScreen_Generation = YES;
				INFOPLIST_KEY_UISupportedInterfaceOrientations_iPad = "UIInterfaceOrientationPortrait UIInterfaceOrientationPortraitUpsideDown UIInterfaceOrientationLandscapeLeft UIInterfaceOrientationLandscapeRight";
				INFOPLIST_KEY_UISupportedInterfaceOrientations_iPhone = "UIInterfaceOrientationPortrait UIInterfaceOrientationLandscapeLeft UIInterfaceOrientationLandscapeRight";
				LD_RUNPATH_SEARCH_PATHS = (
					"$(inherited)",
					"@executable_path/Frameworks",
				);
				MARKETING_VERSION = 1.0;
				PRODUCT_BUNDLE_IDENTIFIER = FromF.com.github.FirebaseRealtimeDBSample;
				PRODUCT_NAME = "$(TARGET_NAME)";
				SWIFT_EMIT_LOC_STRINGS = YES;
				SWIFT_VERSION = 5.0;
				TARGETED_DEVICE_FAMILY = "1,2";
			};
			name = Release;
		};
/* End XCBuildConfiguration section */

/* Begin XCConfigurationList section */
		9D31939527C85F7800CB8B50 /* Build configuration list for PBXProject "FirebaseRealtimeDBSample" */ = {
			isa = XCConfigurationList;
			buildConfigurations = (
				9D3193A627C85F7900CB8B50 /* Debug */,
				9D3193A727C85F7900CB8B50 /* Release */,
			);
			defaultConfigurationIsVisible = 0;
			defaultConfigurationName = Release;
		};
		9D3193A827C85F7900CB8B50 /* Build configuration list for PBXNativeTarget "FirebaseRealtimeDBSample" */ = {
			isa = XCConfigurationList;
			buildConfigurations = (
				9D3193A927C85F7900CB8B50 /* Debug */,
				9D3193AA27C85F7900CB8B50 /* Release */,
			);
			defaultConfigurationIsVisible = 0;
			defaultConfigurationName = Release;
		};
/* End XCConfigurationList section */

/* Begin XCRemoteSwiftPackageReference section */
		9D3193AB27C85FFE00CB8B50 /* XCRemoteSwiftPackageReference "firebase-ios-sdk" */ = {
			isa = XCRemoteSwiftPackageReference;
			repositoryURL = "https://github.com/firebase/firebase-ios-sdk";
			requirement = {
				branch = master;
				kind = branch;
			};
		};
/* End XCRemoteSwiftPackageReference section */

/* Begin XCSwiftPackageProductDependency section */
		9D3193AC27C85FFE00CB8B50 /* FirebaseAuth */ = {
			isa = XCSwiftPackageProductDependency;
			package = 9D3193AB27C85FFE00CB8B50 /* XCRemoteSwiftPackageReference "firebase-ios-sdk" */;
			productName = FirebaseAuth;
		};
		9D3193AE27C85FFE00CB8B50 /* FirebaseAuthCombine-Community */ = {
			isa = XCSwiftPackageProductDependency;
			package = 9D3193AB27C85FFE00CB8B50 /* XCRemoteSwiftPackageReference "firebase-ios-sdk" */;
			productName = "FirebaseAuthCombine-Community";
		};
		9D3193B027C85FFE00CB8B50 /* FirebaseDatabase */ = {
			isa = XCSwiftPackageProductDependency;
			package = 9D3193AB27C85FFE00CB8B50 /* XCRemoteSwiftPackageReference "firebase-ios-sdk" */;
			productName = FirebaseDatabase;
		};
		9D3193B227C85FFE00CB8B50 /* FirebaseDatabaseSwift-Beta */ = {
			isa = XCSwiftPackageProductDependency;
			package = 9D3193AB27C85FFE00CB8B50 /* XCRemoteSwiftPackageReference "firebase-ios-sdk" */;
			productName = "FirebaseDatabaseSwift-Beta";
		};
/* End XCSwiftPackageProductDependency section */
	};
	rootObject = 9D31939227C85F7800CB8B50 /* Project object */;
}
